
Microsoft Visual Studio Solution File, Format Version 12.00
# Visual Studio Version 16
VisualStudioVersion = 16.0.30330.147
MinimumVisualStudioVersion = 10.0.40219.1
Project("{E24C65DC-7377-472B-9ABA-BC803B73C61A}") = "dfTelhas", ".", "{B68F049D-9637-44D6-B174-E3416C26933B}"
	ProjectSection(WebsiteProperties) = preProject
		TargetFrameworkMoniker = ".NETFramework,Version%3Dv4.0"
		Debug.AspNetCompiler.VirtualPath = "/localhost_56590"
		Debug.AspNetCompiler.PhysicalPath = "D:\Projetos\Sites Finalizados\dfTelhas\"
		Debug.AspNetCompiler.TargetPath = "PrecompiledWeb\localhost_56590\"
		Debug.AspNetCompiler.Updateable = "true"
		Debug.AspNetCompiler.ForceOverwrite = "true"
		Debug.AspNetCompiler.FixedNames = "false"
		Debug.AspNetCompiler.Debug = "True"
		Release.AspNetCompiler.VirtualPath = "/localhost_56590"
		Release.AspNetCompiler.PhysicalPath = "D:\Projetos\Sites Finalizados\dfTelhas\"
		Release.AspNetCompiler.TargetPath = "PrecompiledWeb\localhost_56590\"
		Release.AspNetCompiler.Updateable = "true"
		Release.AspNetCompiler.ForceOverwrite = "true"
		Release.AspNetCompiler.FixedNames = "false"
		Release.AspNetCompiler.Debug = "False"
		VWDPort = "56590"
	EndProjectSection
EndProject
Global
	GlobalSection(SolutionConfigurationPlatforms) = preSolution
		Debug|Any CPU = Debug|Any CPU
	EndGlobalSection
	GlobalSection(ProjectConfigurationPlatforms) = postSolution
		{B68F049D-9637-44D6-B174-E3416C26933B}.Debug|Any CPU.ActiveCfg = Debug|Any CPU
		{B68F049D-9637-44D6-B174-E3416C26933B}.Debug|Any CPU.Build.0 = Debug|Any CPU
	EndGlobalSection
	GlobalSection(SolutionProperties) = preSolution
		HideSolutionNode = FALSE
	EndGlobalSection
	GlobalSection(ExtensibilityGlobals) = postSolution
		SolutionGuid = {05AEDC9B-FF91-49E3-82F2-4792349AB667}
	EndGlobalSection
EndGlobal
